
Microsoft Visual Studio Solution File, Format Version 12.00
# Visual Studio Version 16
VisualStudioVersion = 16.0.29728.190
MinimumVisualStudioVersion = 10.0.40219.1
Project("{FAE04EC0-301F-11D3-BF4B-00C04F79EFBC}") = "TestNetCore2", "TestNetCore2\TestNetCore2.csproj", "{25130A86-4CB4-48EC-9F58-152519F6FCA2}"
EndProject
Project("{FAE04EC0-301F-11D3-BF4B-00C04F79EFBC}") = "ClassLibrary", "ClassLibrary\ClassLibrary.csproj", "{FA8176F8-2F9F-4FB1-B56C-C699248B2D85}"
EndProject
Global
	GlobalSection(SolutionConfigurationPlatforms) = preSolution
		Debug|Any CPU = Debug|Any CPU
		Release|Any CPU = Release|Any CPU
	EndGlobalSection
	GlobalSection(ProjectConfigurationPlatforms) = postSolution
		{25130A86-4CB4-48EC-9F58-152519F6FCA2}.Debug|Any CPU.ActiveCfg = Debug|Any CPU
		{25130A86-4CB4-48EC-9F58-152519F6FCA2}.Debug|Any CPU.Build.0 = Debug|Any CPU
		{25130A86-4CB4-48EC-9F58-152519F6FCA2}.Release|Any CPU.ActiveCfg = Release|Any CPU
		{25130A86-4CB4-48EC-9F58-152519F6FCA2}.Release|Any CPU.Build.0 = Release|Any CPU
		{FA8176F8-2F9F-4FB1-B56C-C699248B2D85}.Debug|Any CPU.ActiveCfg = Debug|Any CPU
		{FA8176F8-2F9F-4FB1-B56C-C699248B2D85}.Debug|Any CPU.Build.0 = Debug|Any CPU
		{FA8176F8-2F9F-4FB1-B56C-C699248B2D85}.Release|Any CPU.ActiveCfg = Release|Any CPU
		{FA8176F8-2F9F-4FB1-B56C-C699248B2D85}.Release|Any CPU.Build.0 = Release|Any CPU
	EndGlobalSection
	GlobalSection(SolutionProperties) = preSolution
		HideSolutionNode = FALSE
	EndGlobalSection
	GlobalSection(ExtensibilityGlobals) = postSolution
		SolutionGuid = {66914514-2563-443C-915E-BB53B4EB556C}
	EndGlobalSection
EndGlobal
